// !$*UTF8*$!
{
	archiveVersion = 1;
	classes = {
	};
	objectVersion = 50;
	objects = {

/* Begin PBXBuildFile section */
		2501099B239ABC2D0083F142 /* AppDelegate.swift in Sources */ = {isa = PBXBuildFile; fileRef = 2501099A239ABC2D0083F142 /* AppDelegate.swift */; };
		2501099D239ABC2D0083F142 /* SceneDelegate.swift in Sources */ = {isa = PBXBuildFile; fileRef = 2501099C239ABC2D0083F142 /* SceneDelegate.swift */; };
		2501099F239ABC2D0083F142 /* ViewController.swift in Sources */ = {isa = PBXBuildFile; fileRef = 2501099E239ABC2D0083F142 /* ViewController.swift */; };
		250109A2239ABC2D0083F142 /* Main.storyboard in Resources */ = {isa = PBXBuildFile; fileRef = 250109A0239ABC2D0083F142 /* Main.storyboard */; };
		250109A4239ABC2E0083F142 /* Assets.xcassets in Resources */ = {isa = PBXBuildFile; fileRef = 250109A3239ABC2E0083F142 /* Assets.xcassets */; };
		250109A7239ABC2E0083F142 /* LaunchScreen.storyboard in Resources */ = {isa = PBXBuildFile; fileRef = 250109A5239ABC2E0083F142 /* LaunchScreen.storyboard */; };
		250109B2239ABC2F0083F142 /* MBVideoPlayerTests.swift in Sources */ = {isa = PBXBuildFile; fileRef = 250109B1239ABC2F0083F142 /* MBVideoPlayerTests.swift */; };
		250109BD239ABC2F0083F142 /* MBVideoPlayerUITests.swift in Sources */ = {isa = PBXBuildFile; fileRef = 250109BC239ABC2F0083F142 /* MBVideoPlayerUITests.swift */; };
		250109CB239ABC670083F142 /* MBVideoPlayerView.swift in Sources */ = {isa = PBXBuildFile; fileRef = 250109CA239ABC670083F142 /* MBVideoPlayerView.swift */; };
		250109CD239B899F0083F142 /* MBVideoPlayerControls.swift in Sources */ = {isa = PBXBuildFile; fileRef = 250109CC239B899F0083F142 /* MBVideoPlayerControls.swift */; };
		25CD267923A6C51600634C0B /* MBTheme.swift in Sources */ = {isa = PBXBuildFile; fileRef = 25CD267823A6C51600634C0B /* MBTheme.swift */; };
		4628F0FB23A64BAC00A99F58 /* MBVideoPlayerHeaderView.swift in Sources */ = {isa = PBXBuildFile; fileRef = 4628F0FA23A64BAC00A99F58 /* MBVideoPlayerHeaderView.swift */; };
		46C44CE2239E1B0D00793264 /* PlayerItem.swift in Sources */ = {isa = PBXBuildFile; fileRef = 46C44CE1239E1B0D00793264 /* PlayerItem.swift */; };
		46C44CE4239E1B6600793264 /* MBVideoPlayerDelegates.swift in Sources */ = {isa = PBXBuildFile; fileRef = 46C44CE3239E1B6600793264 /* MBVideoPlayerDelegates.swift */; };
		46C44CE6239E1BC400793264 /* CMTime+extension.swift in Sources */ = {isa = PBXBuildFile; fileRef = 46C44CE5239E1BC400793264 /* CMTime+extension.swift */; };
		46C44CE8239E1BFD00793264 /* VideoCollectionViewCell.swift in Sources */ = {isa = PBXBuildFile; fileRef = 46C44CE7239E1BFD00793264 /* VideoCollectionViewCell.swift */; };
		46C44CEA239E601300793264 /* MBConfiguration.swift in Sources */ = {isa = PBXBuildFile; fileRef = 46C44CE9239E601300793264 /* MBConfiguration.swift */; };
/* End PBXBuildFile section */

/* Begin PBXContainerItemProxy section */
		250109AE239ABC2F0083F142 /* PBXContainerItemProxy */ = {
			isa = PBXContainerItemProxy;
			containerPortal = 2501098F239ABC2D0083F142 /* Project object */;
			proxyType = 1;
			remoteGlobalIDString = 25010996239ABC2D0083F142;
			remoteInfo = MBVideoPlayer;
		};
		250109B9239ABC2F0083F142 /* PBXContainerItemProxy */ = {
			isa = PBXContainerItemProxy;
			containerPortal = 2501098F239ABC2D0083F142 /* Project object */;
			proxyType = 1;
			remoteGlobalIDString = 25010996239ABC2D0083F142;
			remoteInfo = MBVideoPlayer;
		};
/* End PBXContainerItemProxy section */

/* Begin PBXFileReference section */
		25010997239ABC2D0083F142 /* MBVideoPlayer.app */ = {isa = PBXFileReference; explicitFileType = wrapper.application; includeInIndex = 0; path = MBVideoPlayer.app; sourceTree = BUILT_PRODUCTS_DIR; };
		2501099A239ABC2D0083F142 /* AppDelegate.swift */ = {isa = PBXFileReference; lastKnownFileType = sourcecode.swift; path = AppDelegate.swift; sourceTree = "<group>"; };
		2501099C239ABC2D0083F142 /* SceneDelegate.swift */ = {isa = PBXFileReference; lastKnownFileType = sourcecode.swift; path = SceneDelegate.swift; sourceTree = "<group>"; };
		2501099E239ABC2D0083F142 /* ViewController.swift */ = {isa = PBXFileReference; lastKnownFileType = sourcecode.swift; path = ViewController.swift; sourceTree = "<group>"; };
		250109A1239ABC2D0083F142 /* Base */ = {isa = PBXFileReference; lastKnownFileType = file.storyboard; name = Base; path = Base.lproj/Main.storyboard; sourceTree = "<group>"; };
		250109A3239ABC2E0083F142 /* Assets.xcassets */ = {isa = PBXFileReference; lastKnownFileType = folder.assetcatalog; path = Assets.xcassets; sourceTree = "<group>"; };
		250109A6239ABC2E0083F142 /* Base */ = {isa = PBXFileReference; lastKnownFileType = file.storyboard; name = Base; path = Base.lproj/LaunchScreen.storyboard; sourceTree = "<group>"; };
		250109A8239ABC2E0083F142 /* Info.plist */ = {isa = PBXFileReference; lastKnownFileType = text.plist.xml; path = Info.plist; sourceTree = "<group>"; };
		250109AD239ABC2F0083F142 /* MBVideoPlayerTests.xctest */ = {isa = PBXFileReference; explicitFileType = wrapper.cfbundle; includeInIndex = 0; path = MBVideoPlayerTests.xctest; sourceTree = BUILT_PRODUCTS_DIR; };
		250109B1239ABC2F0083F142 /* MBVideoPlayerTests.swift */ = {isa = PBXFileReference; lastKnownFileType = sourcecode.swift; path = MBVideoPlayerTests.swift; sourceTree = "<group>"; };
		250109B3239ABC2F0083F142 /* Info.plist */ = {isa = PBXFileReference; lastKnownFileType = text.plist.xml; path = Info.plist; sourceTree = "<group>"; };
		250109B8239ABC2F0083F142 /* MBVideoPlayerUITests.xctest */ = {isa = PBXFileReference; explicitFileType = wrapper.cfbundle; includeInIndex = 0; path = MBVideoPlayerUITests.xctest; sourceTree = BUILT_PRODUCTS_DIR; };
		250109BC239ABC2F0083F142 /* MBVideoPlayerUITests.swift */ = {isa = PBXFileReference; lastKnownFileType = sourcecode.swift; path = MBVideoPlayerUITests.swift; sourceTree = "<group>"; };
		250109BE239ABC2F0083F142 /* Info.plist */ = {isa = PBXFileReference; lastKnownFileType = text.plist.xml; path = Info.plist; sourceTree = "<group>"; };
		250109CA239ABC670083F142 /* MBVideoPlayerView.swift */ = {isa = PBXFileReference; fileEncoding = 4; lastKnownFileType = sourcecode.swift; path = MBVideoPlayerView.swift; sourceTree = "<group>"; };
		250109CC239B899F0083F142 /* MBVideoPlayerControls.swift */ = {isa = PBXFileReference; lastKnownFileType = sourcecode.swift; path = MBVideoPlayerControls.swift; sourceTree = "<group>"; };
		25CD267823A6C51600634C0B /* MBTheme.swift */ = {isa = PBXFileReference; lastKnownFileType = sourcecode.swift; path = MBTheme.swift; sourceTree = "<group>"; };
		4628F0FA23A64BAC00A99F58 /* MBVideoPlayerHeaderView.swift */ = {isa = PBXFileReference; lastKnownFileType = sourcecode.swift; path = MBVideoPlayerHeaderView.swift; sourceTree = "<group>"; };
		46C44CE1239E1B0D00793264 /* PlayerItem.swift */ = {isa = PBXFileReference; lastKnownFileType = sourcecode.swift; path = PlayerItem.swift; sourceTree = "<group>"; };
		46C44CE3239E1B6600793264 /* MBVideoPlayerDelegates.swift */ = {isa = PBXFileReference; lastKnownFileType = sourcecode.swift; path = MBVideoPlayerDelegates.swift; sourceTree = "<group>"; };
		46C44CE5239E1BC400793264 /* CMTime+extension.swift */ = {isa = PBXFileReference; lastKnownFileType = sourcecode.swift; path = "CMTime+extension.swift"; sourceTree = "<group>"; };
		46C44CE7239E1BFD00793264 /* VideoCollectionViewCell.swift */ = {isa = PBXFileReference; lastKnownFileType = sourcecode.swift; path = VideoCollectionViewCell.swift; sourceTree = "<group>"; };
		46C44CE9239E601300793264 /* MBConfiguration.swift */ = {isa = PBXFileReference; lastKnownFileType = sourcecode.swift; path = MBConfiguration.swift; sourceTree = "<group>"; };
/* End PBXFileReference section */

/* Begin PBXFrameworksBuildPhase section */
		25010994239ABC2D0083F142 /* Frameworks */ = {
			isa = PBXFrameworksBuildPhase;
			buildActionMask = 2147483647;
			files = (
			);
			runOnlyForDeploymentPostprocessing = 0;
		};
		250109AA239ABC2F0083F142 /* Frameworks */ = {
			isa = PBXFrameworksBuildPhase;
			buildActionMask = 2147483647;
			files = (
			);
			runOnlyForDeploymentPostprocessing = 0;
		};
		250109B5239ABC2F0083F142 /* Frameworks */ = {
			isa = PBXFrameworksBuildPhase;
			buildActionMask = 2147483647;
			files = (
			);
			runOnlyForDeploymentPostprocessing = 0;
		};
/* End PBXFrameworksBuildPhase section */

/* Begin PBXGroup section */
		2501098E239ABC2D0083F142 = {
			isa = PBXGroup;
			children = (
				25010999239ABC2D0083F142 /* MBVideoPlayer */,
				250109B0239ABC2F0083F142 /* MBVideoPlayerTests */,
				250109BB239ABC2F0083F142 /* MBVideoPlayerUITests */,
				25010998239ABC2D0083F142 /* Products */,
			);
			sourceTree = "<group>";
		};
		25010998239ABC2D0083F142 /* Products */ = {
			isa = PBXGroup;
			children = (
				25010997239ABC2D0083F142 /* MBVideoPlayer.app */,
				250109AD239ABC2F0083F142 /* MBVideoPlayerTests.xctest */,
				250109B8239ABC2F0083F142 /* MBVideoPlayerUITests.xctest */,
			);
			name = Products;
			sourceTree = "<group>";
		};
		25010999239ABC2D0083F142 /* MBVideoPlayer */ = {
			isa = PBXGroup;
			children = (
				2501099A239ABC2D0083F142 /* AppDelegate.swift */,
				2501099C239ABC2D0083F142 /* SceneDelegate.swift */,
				2501099E239ABC2D0083F142 /* ViewController.swift */,
				46C44CE0239E1AEA00793264 /* MBVideoPlayerView */,
				250109A0239ABC2D0083F142 /* Main.storyboard */,
				250109A3239ABC2E0083F142 /* Assets.xcassets */,
				250109A5239ABC2E0083F142 /* LaunchScreen.storyboard */,
				250109A8239ABC2E0083F142 /* Info.plist */,
			);
			path = MBVideoPlayer;
			sourceTree = "<group>";
		};
		250109B0239ABC2F0083F142 /* MBVideoPlayerTests */ = {
			isa = PBXGroup;
			children = (
				250109B1239ABC2F0083F142 /* MBVideoPlayerTests.swift */,
				250109B3239ABC2F0083F142 /* Info.plist */,
			);
			path = MBVideoPlayerTests;
			sourceTree = "<group>";
		};
		250109BB239ABC2F0083F142 /* MBVideoPlayerUITests */ = {
			isa = PBXGroup;
			children = (
				250109BC239ABC2F0083F142 /* MBVideoPlayerUITests.swift */,
				250109BE239ABC2F0083F142 /* Info.plist */,
			);
			path = MBVideoPlayerUITests;
			sourceTree = "<group>";
		};
		46C44CE0239E1AEA00793264 /* MBVideoPlayerView */ = {
			isa = PBXGroup;
			children = (
				250109CA239ABC670083F142 /* MBVideoPlayerView.swift */,
				250109CC239B899F0083F142 /* MBVideoPlayerControls.swift */,
				46C44CE1239E1B0D00793264 /* PlayerItem.swift */,
				46C44CE3239E1B6600793264 /* MBVideoPlayerDelegates.swift */,
				46C44CE5239E1BC400793264 /* CMTime+extension.swift */,
				46C44CE7239E1BFD00793264 /* VideoCollectionViewCell.swift */,
				46C44CE9239E601300793264 /* MBConfiguration.swift */,
				4628F0FA23A64BAC00A99F58 /* MBVideoPlayerHeaderView.swift */,
				25CD267823A6C51600634C0B /* MBTheme.swift */,
			);
			path = MBVideoPlayerView;
			sourceTree = "<group>";
		};
/* End PBXGroup section */

/* Begin PBXNativeTarget section */
		25010996239ABC2D0083F142 /* MBVideoPlayer */ = {
			isa = PBXNativeTarget;
			buildConfigurationList = 250109C1239ABC2F0083F142 /* Build configuration list for PBXNativeTarget "MBVideoPlayer" */;
			buildPhases = (
				25010993239ABC2D0083F142 /* Sources */,
				25010994239ABC2D0083F142 /* Frameworks */,
				25010995239ABC2D0083F142 /* Resources */,
			);
			buildRules = (
			);
			dependencies = (
			);
			name = MBVideoPlayer;
			productName = MBVideoPlayer;
			productReference = 25010997239ABC2D0083F142 /* MBVideoPlayer.app */;
			productType = "com.apple.product-type.application";
		};
		250109AC239ABC2F0083F142 /* MBVideoPlayerTests */ = {
			isa = PBXNativeTarget;
			buildConfigurationList = 250109C4239ABC2F0083F142 /* Build configuration list for PBXNativeTarget "MBVideoPlayerTests" */;
			buildPhases = (
				250109A9239ABC2F0083F142 /* Sources */,
				250109AA239ABC2F0083F142 /* Frameworks */,
				250109AB239ABC2F0083F142 /* Resources */,
			);
			buildRules = (
			);
			dependencies = (
				250109AF239ABC2F0083F142 /* PBXTargetDependency */,
			);
			name = MBVideoPlayerTests;
			productName = MBVideoPlayerTests;
			productReference = 250109AD239ABC2F0083F142 /* MBVideoPlayerTests.xctest */;
			productType = "com.apple.product-type.bundle.unit-test";
		};
		250109B7239ABC2F0083F142 /* MBVideoPlayerUITests */ = {
			isa = PBXNativeTarget;
			buildConfigurationList = 250109C7239ABC2F0083F142 /* Build configuration list for PBXNativeTarget "MBVideoPlayerUITests" */;
			buildPhases = (
				250109B4239ABC2F0083F142 /* Sources */,
				250109B5239ABC2F0083F142 /* Frameworks */,
				250109B6239ABC2F0083F142 /* Resources */,
			);
			buildRules = (
			);
			dependencies = (
				250109BA239ABC2F0083F142 /* PBXTargetDependency */,
			);
			name = MBVideoPlayerUITests;
			productName = MBVideoPlayerUITests;
			productReference = 250109B8239ABC2F0083F142 /* MBVideoPlayerUITests.xctest */;
			productType = "com.apple.product-type.bundle.ui-testing";
		};
/* End PBXNativeTarget section */

/* Begin PBXProject section */
		2501098F239ABC2D0083F142 /* Project object */ = {
			isa = PBXProject;
			attributes = {
				LastSwiftUpdateCheck = 1120;
				LastUpgradeCheck = 1120;
				ORGANIZATIONNAME = "Muhammad Waqas";
				TargetAttributes = {
					25010996239ABC2D0083F142 = {
						CreatedOnToolsVersion = 11.2.1;
					};
					250109AC239ABC2F0083F142 = {
						CreatedOnToolsVersion = 11.2.1;
						TestTargetID = 25010996239ABC2D0083F142;
					};
					250109B7239ABC2F0083F142 = {
						CreatedOnToolsVersion = 11.2.1;
						TestTargetID = 25010996239ABC2D0083F142;
					};
				};
			};
			buildConfigurationList = 25010992239ABC2D0083F142 /* Build configuration list for PBXProject "MBVideoPlayer" */;
			compatibilityVersion = "Xcode 9.3";
			developmentRegion = en;
			hasScannedForEncodings = 0;
			knownRegions = (
				en,
				Base,
			);
			mainGroup = 2501098E239ABC2D0083F142;
			productRefGroup = 25010998239ABC2D0083F142 /* Products */;
			projectDirPath = "";
			projectRoot = "";
			targets = (
				25010996239ABC2D0083F142 /* MBVideoPlayer */,
				250109AC239ABC2F0083F142 /* MBVideoPlayerTests */,
				250109B7239ABC2F0083F142 /* MBVideoPlayerUITests */,
			);
		};
/* End PBXProject section */

/* Begin PBXResourcesBuildPhase section */
		25010995239ABC2D0083F142 /* Resources */ = {
			isa = PBXResourcesBuildPhase;
			buildActionMask = 2147483647;
			files = (
				250109A7239ABC2E0083F142 /* LaunchScreen.storyboard in Resources */,
				250109A4239ABC2E0083F142 /* Assets.xcassets in Resources */,
				250109A2239ABC2D0083F142 /* Main.storyboard in Resources */,
			);
			runOnlyForDeploymentPostprocessing = 0;
		};
		250109AB239ABC2F0083F142 /* Resources */ = {
			isa = PBXResourcesBuildPhase;
			buildActionMask = 2147483647;
			files = (
			);
			runOnlyForDeploymentPostprocessing = 0;
		};
		250109B6239ABC2F0083F142 /* Resources */ = {
			isa = PBXResourcesBuildPhase;
			buildActionMask = 2147483647;
			files = (
			);
			runOnlyForDeploymentPostprocessing = 0;
		};
/* End PBXResourcesBuildPhase section */

/* Begin PBXSourcesBuildPhase section */
		25010993239ABC2D0083F142 /* Sources */ = {
			isa = PBXSourcesBuildPhase;
			buildActionMask = 2147483647;
			files = (
				46C44CE8239E1BFD00793264 /* VideoCollectionViewCell.swift in Sources */,
				46C44CE6239E1BC400793264 /* CMTime+extension.swift in Sources */,
				25CD267923A6C51600634C0B /* MBTheme.swift in Sources */,
				2501099F239ABC2D0083F142 /* ViewController.swift in Sources */,
				250109CB239ABC670083F142 /* MBVideoPlayerView.swift in Sources */,
				250109CD239B899F0083F142 /* MBVideoPlayerControls.swift in Sources */,
				2501099B239ABC2D0083F142 /* AppDelegate.swift in Sources */,
				2501099D239ABC2D0083F142 /* SceneDelegate.swift in Sources */,
				46C44CE4239E1B6600793264 /* MBVideoPlayerDelegates.swift in Sources */,
				46C44CE2239E1B0D00793264 /* PlayerItem.swift in Sources */,
				4628F0FB23A64BAC00A99F58 /* MBVideoPlayerHeaderView.swift in Sources */,
				46C44CEA239E601300793264 /* MBConfiguration.swift in Sources */,
			);
			runOnlyForDeploymentPostprocessing = 0;
		};
		250109A9239ABC2F0083F142 /* Sources */ = {
			isa = PBXSourcesBuildPhase;
			buildActionMask = 2147483647;
			files = (
				250109B2239ABC2F0083F142 /* MBVideoPlayerTests.swift in Sources */,
			);
			runOnlyForDeploymentPostprocessing = 0;
		};
		250109B4239ABC2F0083F142 /* Sources */ = {
			isa = PBXSourcesBuildPhase;
			buildActionMask = 2147483647;
			files = (
				250109BD239ABC2F0083F142 /* MBVideoPlayerUITests.swift in Sources */,
			);
			runOnlyForDeploymentPostprocessing = 0;
		};
/* End PBXSourcesBuildPhase section */

/* Begin PBXTargetDependency section */
		250109AF239ABC2F0083F142 /* PBXTargetDependency */ = {
			isa = PBXTargetDependency;
			target = 25010996239ABC2D0083F142 /* MBVideoPlayer */;
			targetProxy = 250109AE239ABC2F0083F142 /* PBXContainerItemProxy */;
		};
		250109BA239ABC2F0083F142 /* PBXTargetDependency */ = {
			isa = PBXTargetDependency;
			target = 25010996239ABC2D0083F142 /* MBVideoPlayer */;
			targetProxy = 250109B9239ABC2F0083F142 /* PBXContainerItemProxy */;
		};
/* End PBXTargetDependency section */

/* Begin PBXVariantGroup section */
		250109A0239ABC2D0083F142 /* Main.storyboard */ = {
			isa = PBXVariantGroup;
			children = (
				250109A1239ABC2D0083F142 /* Base */,
			);
			name = Main.storyboard;
			sourceTree = "<group>";
		};
		250109A5239ABC2E0083F142 /* LaunchScreen.storyboard */ = {
			isa = PBXVariantGroup;
			children = (
				250109A6239ABC2E0083F142 /* Base */,
			);
			name = LaunchScreen.storyboard;
			sourceTree = "<group>";
		};
/* End PBXVariantGroup section */

/* Begin XCBuildConfiguration section */
		250109BF239ABC2F0083F142 /* Debug */ = {
			isa = XCBuildConfiguration;
			buildSettings = {
				ALWAYS_SEARCH_USER_PATHS = NO;
				CLANG_ANALYZER_NONNULL = YES;
				CLANG_ANALYZER_NUMBER_OBJECT_CONVERSION = YES_AGGRESSIVE;
				CLANG_CXX_LANGUAGE_STANDARD = "gnu++14";
				CLANG_CXX_LIBRARY = "libc++";
				CLANG_ENABLE_MODULES = YES;
				CLANG_ENABLE_OBJC_ARC = YES;
				CLANG_ENABLE_OBJC_WEAK = YES;
				CLANG_WARN_BLOCK_CAPTURE_AUTORELEASING = YES;
				CLANG_WARN_BOOL_CONVERSION = YES;
				CLANG_WARN_COMMA = YES;
				CLANG_WARN_CONSTANT_CONVERSION = YES;
				CLANG_WARN_DEPRECATED_OBJC_IMPLEMENTATIONS = YES;
				CLANG_WARN_DIRECT_OBJC_ISA_USAGE = YES_ERROR;
				CLANG_WARN_DOCUMENTATION_COMMENTS = YES;
				CLANG_WARN_EMPTY_BODY = YES;
				CLANG_WARN_ENUM_CONVERSION = YES;
				CLANG_WARN_INFINITE_RECURSION = YES;
				CLANG_WARN_INT_CONVERSION = YES;
				CLANG_WARN_NON_LITERAL_NULL_CONVERSION = YES;
				CLANG_WARN_OBJC_IMPLICIT_RETAIN_SELF = YES;
				CLANG_WARN_OBJC_LITERAL_CONVERSION = YES;
				CLANG_WARN_OBJC_ROOT_CLASS = YES_ERROR;
				CLANG_WARN_RANGE_LOOP_ANALYSIS = YES;
				CLANG_WARN_STRICT_PROTOTYPES = YES;
				CLANG_WARN_SUSPICIOUS_MOVE = YES;
				CLANG_WARN_UNGUARDED_AVAILABILITY = YES_AGGRESSIVE;
				CLANG_WARN_UNREACHABLE_CODE = YES;
				CLANG_WARN__DUPLICATE_METHOD_MATCH = YES;
				COPY_PHASE_STRIP = NO;
				DEBUG_INFORMATION_FORMAT = dwarf;
				ENABLE_STRICT_OBJC_MSGSEND = YES;
				ENABLE_TESTABILITY = YES;
				GCC_C_LANGUAGE_STANDARD = gnu11;
				GCC_DYNAMIC_NO_PIC = NO;
				GCC_NO_COMMON_BLOCKS = YES;
				GCC_OPTIMIZATION_LEVEL = 0;
				GCC_PREPROCESSOR_DEFINITIONS = (
					"DEBUG=1",
					"$(inherited)",
				);
				GCC_WARN_64_TO_32_BIT_CONVERSION = YES;
				GCC_WARN_ABOUT_RETURN_TYPE = YES_ERROR;
				GCC_WARN_UNDECLARED_SELECTOR = YES;
				GCC_WARN_UNINITIALIZED_AUTOS = YES_AGGRESSIVE;
				GCC_WARN_UNUSED_FUNCTION = YES;
				GCC_WARN_UNUSED_VARIABLE = YES;
				IPHONEOS_DEPLOYMENT_TARGET = 13.2;
				MTL_ENABLE_DEBUG_INFO = INCLUDE_SOURCE;
				MTL_FAST_MATH = YES;
				ONLY_ACTIVE_ARCH = YES;
				SDKROOT = iphoneos;
				SWIFT_ACTIVE_COMPILATION_CONDITIONS = DEBUG;
				SWIFT_OPTIMIZATION_LEVEL = "-Onone";
			};
			name = Debug;
		};
		250109C0239ABC2F0083F142 /* Release */ = {
			isa = XCBuildConfiguration;
			buildSettings = {
				ALWAYS_SEARCH_USER_PATHS = NO;
				CLANG_ANALYZER_NONNULL = YES;
				CLANG_ANALYZER_NUMBER_OBJECT_CONVERSION = YES_AGGRESSIVE;
				CLANG_CXX_LANGUAGE_STANDARD = "gnu++14";
				CLANG_CXX_LIBRARY = "libc++";
				CLANG_ENABLE_MODULES = YES;
				CLANG_ENABLE_OBJC_ARC = YES;
				CLANG_ENABLE_OBJC_WEAK = YES;
				CLANG_WARN_BLOCK_CAPTURE_AUTORELEASING = YES;
				CLANG_WARN_BOOL_CONVERSION = YES;
				CLANG_WARN_COMMA = YES;
				CLANG_WARN_CONSTANT_CONVERSION = YES;
				CLANG_WARN_DEPRECATED_OBJC_IMPLEMENTATIONS = YES;
				CLANG_WARN_DIRECT_OBJC_ISA_USAGE = YES_ERROR;
				CLANG_WARN_DOCUMENTATION_COMMENTS = YES;
				CLANG_WARN_EMPTY_BODY = YES;
				CLANG_WARN_ENUM_CONVERSION = YES;
				CLANG_WARN_INFINITE_RECURSION = YES;
				CLANG_WARN_INT_CONVERSION = YES;
				CLANG_WARN_NON_LITERAL_NULL_CONVERSION = YES;
				CLANG_WARN_OBJC_IMPLICIT_RETAIN_SELF = YES;
				CLANG_WARN_OBJC_LITERAL_CONVERSION = YES;
				CLANG_WARN_OBJC_ROOT_CLASS = YES_ERROR;
				CLANG_WARN_RANGE_LOOP_ANALYSIS = YES;
				CLANG_WARN_STRICT_PROTOTYPES = YES;
				CLANG_WARN_SUSPICIOUS_MOVE = YES;
				CLANG_WARN_UNGUARDED_AVAILABILITY = YES_AGGRESSIVE;
				CLANG_WARN_UNREACHABLE_CODE = YES;
				CLANG_WARN__DUPLICATE_METHOD_MATCH = YES;
				COPY_PHASE_STRIP = NO;
				DEBUG_INFORMATION_FORMAT = "dwarf-with-dsym";
				ENABLE_NS_ASSERTIONS = NO;
				ENABLE_STRICT_OBJC_MSGSEND = YES;
				GCC_C_LANGUAGE_STANDARD = gnu11;
				GCC_NO_COMMON_BLOCKS = YES;
				GCC_WARN_64_TO_32_BIT_CONVERSION = YES;
				GCC_WARN_ABOUT_RETURN_TYPE = YES_ERROR;
				GCC_WARN_UNDECLARED_SELECTOR = YES;
				GCC_WARN_UNINITIALIZED_AUTOS = YES_AGGRESSIVE;
				GCC_WARN_UNUSED_FUNCTION = YES;
				GCC_WARN_UNUSED_VARIABLE = YES;
				IPHONEOS_DEPLOYMENT_TARGET = 13.2;
				MTL_ENABLE_DEBUG_INFO = NO;
				MTL_FAST_MATH = YES;
				SDKROOT = iphoneos;
				SWIFT_COMPILATION_MODE = wholemodule;
				SWIFT_OPTIMIZATION_LEVEL = "-O";
				VALIDATE_PRODUCT = YES;
			};
			name = Release;
		};
		250109C2239ABC2F0083F142 /* Debug */ = {
			isa = XCBuildConfiguration;
			buildSettings = {
				ASSETCATALOG_COMPILER_APPICON_NAME = AppIcon;
				CODE_SIGN_STYLE = Automatic;
				INFOPLIST_FILE = MBVideoPlayer/Info.plist;
				IPHONEOS_DEPLOYMENT_TARGET = 13.1;
				LD_RUNPATH_SEARCH_PATHS = (
					"$(inherited)",
					"@executable_path/Frameworks",
				);
				PRODUCT_BUNDLE_IDENTIFIER = com.VideoPlayer.MBVideoPlayer;
				PRODUCT_NAME = "$(TARGET_NAME)";
				SWIFT_VERSION = 5.0;
				TARGETED_DEVICE_FAMILY = 1;
			};
			name = Debug;
		};
		250109C3239ABC2F0083F142 /* Release */ = {
			isa = XCBuildConfiguration;
			buildSettings = {
				ASSETCATALOG_COMPILER_APPICON_NAME = AppIcon;
				CODE_SIGN_STYLE = Automatic;
				INFOPLIST_FILE = MBVideoPlayer/Info.plist;
				IPHONEOS_DEPLOYMENT_TARGET = 13.1;
				LD_RUNPATH_SEARCH_PATHS = (
					"$(inherited)",
					"@executable_path/Frameworks",
				);
				PRODUCT_BUNDLE_IDENTIFIER = com.VideoPlayer.MBVideoPlayer;
				PRODUCT_NAME = "$(TARGET_NAME)";
				SWIFT_VERSION = 5.0;
				TARGETED_DEVICE_FAMILY = 1;
			};
			name = Release;
		};
		250109C5239ABC2F0083F142 /* Debug */ = {
			isa = XCBuildConfiguration;
			buildSettings = {
				ALWAYS_EMBED_SWIFT_STANDARD_LIBRARIES = YES;
				BUNDLE_LOADER = "$(TEST_HOST)";
				CODE_SIGN_STYLE = Automatic;
				INFOPLIST_FILE = MBVideoPlayerTests/Info.plist;
				IPHONEOS_DEPLOYMENT_TARGET = 13.2;
				LD_RUNPATH_SEARCH_PATHS = (
					"$(inherited)",
					"@executable_path/Frameworks",
					"@loader_path/Frameworks",
				);
				PRODUCT_BUNDLE_IDENTIFIER = com.VideoPlayer.MBVideoPlayerTests;
				PRODUCT_NAME = "$(TARGET_NAME)";
				SWIFT_VERSION = 5.0;
				TARGETED_DEVICE_FAMILY = "1,2";
				TEST_HOST = "$(BUILT_PRODUCTS_DIR)/MBVideoPlayer.app/MBVideoPlayer";
			};
			name = Debug;
		};
		250109C6239ABC2F0083F142 /* Release */ = {
			isa = XCBuildConfiguration;
			buildSettings = {
				ALWAYS_EMBED_SWIFT_STANDARD_LIBRARIES = YES;
				BUNDLE_LOADER = "$(TEST_HOST)";
				CODE_SIGN_STYLE = Automatic;
				INFOPLIST_FILE = MBVideoPlayerTests/Info.plist;
				IPHONEOS_DEPLOYMENT_TARGET = 13.2;
				LD_RUNPATH_SEARCH_PATHS = (
					"$(inherited)",
					"@executable_path/Frameworks",
					"@loader_path/Frameworks",
				);
				PRODUCT_BUNDLE_IDENTIFIER = com.VideoPlayer.MBVideoPlayerTests;
				PRODUCT_NAME = "$(TARGET_NAME)";
				SWIFT_VERSION = 5.0;
				TARGETED_DEVICE_FAMILY = "1,2";
				TEST_HOST = "$(BUILT_PRODUCTS_DIR)/MBVideoPlayer.app/MBVideoPlayer";
			};
			name = Release;
		};
		250109C8239ABC2F0083F142 /* Debug */ = {
			isa = XCBuildConfiguration;
			buildSettings = {
				ALWAYS_EMBED_SWIFT_STANDARD_LIBRARIES = YES;
				CODE_SIGN_STYLE = Automatic;
				INFOPLIST_FILE = MBVideoPlayerUITests/Info.plist;
				LD_RUNPATH_SEARCH_PATHS = (
					"$(inherited)",
					"@executable_path/Frameworks",
					"@loader_path/Frameworks",
				);
				PRODUCT_BUNDLE_IDENTIFIER = com.VideoPlayer.MBVideoPlayerUITests;
				PRODUCT_NAME = "$(TARGET_NAME)";
				SWIFT_VERSION = 5.0;
				TARGETED_DEVICE_FAMILY = "1,2";
				TEST_TARGET_NAME = MBVideoPlayer;
			};
			name = Debug;
		};
		250109C9239ABC2F0083F142 /* Release */ = {
			isa = XCBuildConfiguration;
			buildSettings = {
				ALWAYS_EMBED_SWIFT_STANDARD_LIBRARIES = YES;
				CODE_SIGN_STYLE = Automatic;
				INFOPLIST_FILE = MBVideoPlayerUITests/Info.plist;
				LD_RUNPATH_SEARCH_PATHS = (
					"$(inherited)",
					"@executable_path/Frameworks",
					"@loader_path/Frameworks",
				);
				PRODUCT_BUNDLE_IDENTIFIER = com.VideoPlayer.MBVideoPlayerUITests;
				PRODUCT_NAME = "$(TARGET_NAME)";
				SWIFT_VERSION = 5.0;
				TARGETED_DEVICE_FAMILY = "1,2";
				TEST_TARGET_NAME = MBVideoPlayer;
			};
			name = Release;
		};
/* End XCBuildConfiguration section */

/* Begin XCConfigurationList section */
		25010992239ABC2D0083F142 /* Build configuration list for PBXProject "MBVideoPlayer" */ = {
			isa = XCConfigurationList;
			buildConfigurations = (
				250109BF239ABC2F0083F142 /* Debug */,
				250109C0239ABC2F0083F142 /* Release */,
			);
			defaultConfigurationIsVisible = 0;
			defaultConfigurationName = Release;
		};
		250109C1239ABC2F0083F142 /* Build configuration list for PBXNativeTarget "MBVideoPlayer" */ = {
			isa = XCConfigurationList;
			buildConfigurations = (
				250109C2239ABC2F0083F142 /* Debug */,
				250109C3239ABC2F0083F142 /* Release */,
			);
			defaultConfigurationIsVisible = 0;
			defaultConfigurationName = Release;
		};
		250109C4239ABC2F0083F142 /* Build configuration list for PBXNativeTarget "MBVideoPlayerTests" */ = {
			isa = XCConfigurationList;
			buildConfigurations = (
				250109C5239ABC2F0083F142 /* Debug */,
				250109C6239ABC2F0083F142 /* Release */,
			);
			defaultConfigurationIsVisible = 0;
			defaultConfigurationName = Release;
		};
		250109C7239ABC2F0083F142 /* Build configuration list for PBXNativeTarget "MBVideoPlayerUITests" */ = {
			isa = XCConfigurationList;
			buildConfigurations = (
				250109C8239ABC2F0083F142 /* Debug */,
				250109C9239ABC2F0083F142 /* Release */,
			);
			defaultConfigurationIsVisible = 0;
			defaultConfigurationName = Release;
		};
/* End XCConfigurationList section */
	};
	rootObject = 2501098F239ABC2D0083F142 /* Project object */;
}
